// !$*UTF8*$!
{
	archiveVersion = 1;
	classes = {
	};
	objectVersion = 52;
	objects = {

/* Begin PBXBuildFile section */
		C118F5CF27E8CCB5009BCAEA /* EmailComposer in Frameworks */ = {isa = PBXBuildFile; productRef = C118F5CE27E8CCB5009BCAEA /* EmailComposer */; };
		C11F99392768D519002B177C /* HistoricComponents.swift in Sources */ = {isa = PBXBuildFile; fileRef = C11F99382768D519002B177C /* HistoricComponents.swift */; };
		C12F9CDA2761900200B75831 /* HistoricView.swift in Sources */ = {isa = PBXBuildFile; fileRef = C12F9CD92761900200B75831 /* HistoricView.swift */; };
		C143FD5526C473A20041BCED /* Launch Screen.storyboard in Resources */ = {isa = PBXBuildFile; fileRef = C143FD5426C473A20041BCED /* Launch Screen.storyboard */; };
		C167A82A27627FCF0033B87F /* GroupBoxExtension.swift in Sources */ = {isa = PBXBuildFile; fileRef = C167A82927627FCF0033B87F /* GroupBoxExtension.swift */; };
		C167A82C2762836A0033B87F /* MedicationHistoricView.swift in Sources */ = {isa = PBXBuildFile; fileRef = C167A82B2762836A0033B87F /* MedicationHistoricView.swift */; };
		C1B58AA127979CC00036F9CF /* Localizable.strings in Resources */ = {isa = PBXBuildFile; fileRef = C1B58AA327979CC00036F9CF /* Localizable.strings */; };
		C1B6F4A527613810001AA883 /* OnboardingView.swift in Sources */ = {isa = PBXBuildFile; fileRef = C1B6F4A427613810001AA883 /* OnboardingView.swift */; };
		C1B6F4A727614B15001AA883 /* CloudKit.framework in Frameworks */ = {isa = PBXBuildFile; fileRef = C1B6F4A627614B15001AA883 /* CloudKit.framework */; };
		C1D9471526C408A300A05884 /* meuMedicamentoApp.swift in Sources */ = {isa = PBXBuildFile; fileRef = C1D9471426C408A300A05884 /* meuMedicamentoApp.swift */; };
		C1D9471726C408A300A05884 /* ListView.swift in Sources */ = {isa = PBXBuildFile; fileRef = C1D9471626C408A300A05884 /* ListView.swift */; };
		C1D9471926C408A500A05884 /* Assets.xcassets in Resources */ = {isa = PBXBuildFile; fileRef = C1D9471826C408A500A05884 /* Assets.xcassets */; };
		C1D9471C26C408A500A05884 /* Preview Assets.xcassets in Resources */ = {isa = PBXBuildFile; fileRef = C1D9471B26C408A500A05884 /* Preview Assets.xcassets */; };
		C1DC73BD27680A4400C1A072 /* CellView.swift in Sources */ = {isa = PBXBuildFile; fileRef = C1DC73BC27680A4400C1A072 /* CellView.swift */; };
		C1DC73BF27680D6900C1A072 /* CellComponents.swift in Sources */ = {isa = PBXBuildFile; fileRef = C1DC73BE27680D6900C1A072 /* CellComponents.swift */; };
		C1DC73C1276810B700C1A072 /* MainView.swift in Sources */ = {isa = PBXBuildFile; fileRef = C1DC73C0276810B700C1A072 /* MainView.swift */; };
		C1DC73C7276828AD00C1A072 /* RegistrationComponents.swift in Sources */ = {isa = PBXBuildFile; fileRef = C1DC73C6276828AD00C1A072 /* RegistrationComponents.swift */; };
		C1DE8CC126C4093C004E7754 /* meuMedicamento.xcdatamodeld in Sources */ = {isa = PBXBuildFile; fileRef = C1DE8CBF26C4093C004E7754 /* meuMedicamento.xcdatamodeld */; };
		C1DE8CDB26C40E7F004E7754 /* MedicationModels.swift in Sources */ = {isa = PBXBuildFile; fileRef = C1DE8CD426C40E7F004E7754 /* MedicationModels.swift */; };
		C1DE8CDC26C40E7F004E7754 /* PlaceListViewModel.swift in Sources */ = {isa = PBXBuildFile; fileRef = C1DE8CD526C40E7F004E7754 /* PlaceListViewModel.swift */; };
		C1DE8CDD26C40E7F004E7754 /* Landmark.swift in Sources */ = {isa = PBXBuildFile; fileRef = C1DE8CD626C40E7F004E7754 /* Landmark.swift */; };
		C1DE8CE026C40E7F004E7754 /* UserSettings.swift in Sources */ = {isa = PBXBuildFile; fileRef = C1DE8CD926C40E7F004E7754 /* UserSettings.swift */; };
		C1DE8CE426C40ECA004E7754 /* LocationManager.swift in Sources */ = {isa = PBXBuildFile; fileRef = C1DE8CE126C40ECA004E7754 /* LocationManager.swift */; };
		C1DE8CE526C40ECA004E7754 /* NotificationManager.swift in Sources */ = {isa = PBXBuildFile; fileRef = C1DE8CE226C40ECA004E7754 /* NotificationManager.swift */; };
		C1DE8CE626C40ECA004E7754 /* MedicationManager.swift in Sources */ = {isa = PBXBuildFile; fileRef = C1DE8CE326C40ECA004E7754 /* MedicationManager.swift */; };
		C1DE8CE926C40F06004E7754 /* MKCoordinateRegion+Extensions.swift in Sources */ = {isa = PBXBuildFile; fileRef = C1DE8CE826C40F06004E7754 /* MKCoordinateRegion+Extensions.swift */; };
		C1DE8CEF26C40F4B004E7754 /* AddMedicationView.swift in Sources */ = {isa = PBXBuildFile; fileRef = C1DE8CEA26C40F4B004E7754 /* AddMedicationView.swift */; };
		C1DE8CF026C40F4B004E7754 /* MapView.swift in Sources */ = {isa = PBXBuildFile; fileRef = C1DE8CEB26C40F4B004E7754 /* MapView.swift */; };
		C1DE8CF126C40F4B004E7754 /* EditMedicationView.swift in Sources */ = {isa = PBXBuildFile; fileRef = C1DE8CEC26C40F4B004E7754 /* EditMedicationView.swift */; };
		C1DE8CF226C40F4B004E7754 /* SettingsView.swift in Sources */ = {isa = PBXBuildFile; fileRef = C1DE8CED26C40F4B004E7754 /* SettingsView.swift */; };
		C1DE8CF326C40F4B004E7754 /* MedicationDetailView.swift in Sources */ = {isa = PBXBuildFile; fileRef = C1DE8CEE26C40F4B004E7754 /* MedicationDetailView.swift */; };
		C1DE8CFF26C40F53004E7754 /* RecenterButton.swift in Sources */ = {isa = PBXBuildFile; fileRef = C1DE8CF526C40F53004E7754 /* RecenterButton.swift */; };
		C1DE8D0026C40F53004E7754 /* LandmarkListView.swift in Sources */ = {isa = PBXBuildFile; fileRef = C1DE8CF626C40F53004E7754 /* LandmarkListView.swift */; };
		C1DE8D0126C40F53004E7754 /* LandmarkCategoryView.swift in Sources */ = {isa = PBXBuildFile; fileRef = C1DE8CF726C40F53004E7754 /* LandmarkCategoryView.swift */; };
		C1F6C09F2799D8810051812F /* InfoPlist.strings in Resources */ = {isa = PBXBuildFile; fileRef = C1F6C0A12799D8810051812F /* InfoPlist.strings */; };
/* End PBXBuildFile section */

/* Begin PBXCopyFilesBuildPhase section */
		C1D48EDB270F7C050054699F /* Embed App Extensions */ = {
			isa = PBXCopyFilesBuildPhase;
			buildActionMask = 2147483647;
			dstPath = "";
			dstSubfolderSpec = 13;
			files = (
			);
			name = "Embed App Extensions";
			runOnlyForDeploymentPostprocessing = 0;
		};
/* End PBXCopyFilesBuildPhase section */

/* Begin PBXFileReference section */
		C11F99382768D519002B177C /* HistoricComponents.swift */ = {isa = PBXFileReference; lastKnownFileType = sourcecode.swift; path = HistoricComponents.swift; sourceTree = "<group>"; };
		C12D08B6279AF0DA00D0E3EB /* en-GB */ = {isa = PBXFileReference; lastKnownFileType = text.plist.strings; name = "en-GB"; path = "en-GB.lproj/InfoPlist.strings"; sourceTree = "<group>"; };
		C12D08B7279AF0DA00D0E3EB /* en-GB */ = {isa = PBXFileReference; lastKnownFileType = text.plist.strings; name = "en-GB"; path = "en-GB.lproj/Localizable.strings"; sourceTree = "<group>"; };
		C12D08B8279AF0E700D0E3EB /* fr */ = {isa = PBXFileReference; lastKnownFileType = text.plist.strings; name = fr; path = fr.lproj/InfoPlist.strings; sourceTree = "<group>"; };
		C12D08B9279AF0E700D0E3EB /* fr */ = {isa = PBXFileReference; lastKnownFileType = text.plist.strings; name = fr; path = fr.lproj/Localizable.strings; sourceTree = "<group>"; };
		C12D08BA279AF0ED00D0E3EB /* fr-CA */ = {isa = PBXFileReference; lastKnownFileType = text.plist.strings; name = "fr-CA"; path = "fr-CA.lproj/InfoPlist.strings"; sourceTree = "<group>"; };
		C12D08BB279AF0ED00D0E3EB /* fr-CA */ = {isa = PBXFileReference; lastKnownFileType = text.plist.strings; name = "fr-CA"; path = "fr-CA.lproj/Localizable.strings"; sourceTree = "<group>"; };
		C12D08BC279AF0F700D0E3EB /* en-AU */ = {isa = PBXFileReference; lastKnownFileType = text.plist.strings; name = "en-AU"; path = "en-AU.lproj/InfoPlist.strings"; sourceTree = "<group>"; };
		C12D08BD279AF0F700D0E3EB /* en-AU */ = {isa = PBXFileReference; lastKnownFileType = text.plist.strings; name = "en-AU"; path = "en-AU.lproj/Localizable.strings"; sourceTree = "<group>"; };
		C12D08BE279AF10300D0E3EB /* pt-PT */ = {isa = PBXFileReference; lastKnownFileType = text.plist.strings; name = "pt-PT"; path = "pt-PT.lproj/InfoPlist.strings"; sourceTree = "<group>"; };
		C12D08BF279AF10300D0E3EB /* pt-PT */ = {isa = PBXFileReference; lastKnownFileType = text.plist.strings; name = "pt-PT"; path = "pt-PT.lproj/Localizable.strings"; sourceTree = "<group>"; };
		C12D08C0279AF10A00D0E3EB /* es */ = {isa = PBXFileReference; lastKnownFileType = text.plist.strings; name = es; path = es.lproj/InfoPlist.strings; sourceTree = "<group>"; };
		C12D08C1279AF10A00D0E3EB /* es */ = {isa = PBXFileReference; lastKnownFileType = text.plist.strings; name = es; path = es.lproj/Localizable.strings; sourceTree = "<group>"; };
		C12D08C2279AF11100D0E3EB /* es-419 */ = {isa = PBXFileReference; lastKnownFileType = text.plist.strings; name = "es-419"; path = "es-419.lproj/InfoPlist.strings"; sourceTree = "<group>"; };
		C12D08C3279AF11100D0E3EB /* es-419 */ = {isa = PBXFileReference; lastKnownFileType = text.plist.strings; name = "es-419"; path = "es-419.lproj/Localizable.strings"; sourceTree = "<group>"; };
		C12F9CD92761900200B75831 /* HistoricView.swift */ = {isa = PBXFileReference; lastKnownFileType = sourcecode.swift; path = HistoricView.swift; sourceTree = "<group>"; };
		C143FD5426C473A20041BCED /* Launch Screen.storyboard */ = {isa = PBXFileReference; lastKnownFileType = file.storyboard; path = "Launch Screen.storyboard"; sourceTree = "<group>"; };
		C167A82927627FCF0033B87F /* GroupBoxExtension.swift */ = {isa = PBXFileReference; lastKnownFileType = sourcecode.swift; path = GroupBoxExtension.swift; sourceTree = "<group>"; };
		C167A82B2762836A0033B87F /* MedicationHistoricView.swift */ = {isa = PBXFileReference; lastKnownFileType = sourcecode.swift; path = MedicationHistoricView.swift; sourceTree = "<group>"; };
		C1815D9E26FA11ED00904906 /* meuMedicamento.entitlements */ = {isa = PBXFileReference; lastKnownFileType = text.plist.entitlements; path = meuMedicamento.entitlements; sourceTree = "<group>"; };
		C1B58AA227979CC00036F9CF /* pt */ = {isa = PBXFileReference; lastKnownFileType = text.plist.strings; name = pt; path = pt.lproj/Localizable.strings; sourceTree = "<group>"; };
		C1B6F4A427613810001AA883 /* OnboardingView.swift */ = {isa = PBXFileReference; lastKnownFileType = sourcecode.swift; path = OnboardingView.swift; sourceTree = "<group>"; };
		C1B6F4A627614B15001AA883 /* CloudKit.framework */ = {isa = PBXFileReference; lastKnownFileType = wrapper.framework; name = CloudKit.framework; path = System/Library/Frameworks/CloudKit.framework; sourceTree = SDKROOT; };
		C1D48ECD270F7C030054699F /* SwiftUI.framework */ = {isa = PBXFileReference; lastKnownFileType = wrapper.framework; name = SwiftUI.framework; path = System/Library/Frameworks/SwiftUI.framework; sourceTree = SDKROOT; };
		C1D9471126C408A300A05884 /* meuMedicamento.app */ = {isa = PBXFileReference; explicitFileType = wrapper.application; includeInIndex = 0; path = meuMedicamento.app; sourceTree = BUILT_PRODUCTS_DIR; };
		C1D9471426C408A300A05884 /* meuMedicamentoApp.swift */ = {isa = PBXFileReference; lastKnownFileType = sourcecode.swift; path = meuMedicamentoApp.swift; sourceTree = "<group>"; };
		C1D9471626C408A300A05884 /* ListView.swift */ = {isa = PBXFileReference; lastKnownFileType = sourcecode.swift; path = ListView.swift; sourceTree = "<group>"; };
		C1D9471826C408A500A05884 /* Assets.xcassets */ = {isa = PBXFileReference; lastKnownFileType = folder.assetcatalog; path = Assets.xcassets; sourceTree = "<group>"; };
		C1D9471B26C408A500A05884 /* Preview Assets.xcassets */ = {isa = PBXFileReference; lastKnownFileType = folder.assetcatalog; path = "Preview Assets.xcassets"; sourceTree = "<group>"; };
		C1D9471D26C408A500A05884 /* Info.plist */ = {isa = PBXFileReference; lastKnownFileType = text.plist.xml; path = Info.plist; sourceTree = "<group>"; };
		C1DC73BC27680A4400C1A072 /* CellView.swift */ = {isa = PBXFileReference; lastKnownFileType = sourcecode.swift; path = CellView.swift; sourceTree = "<group>"; };
		C1DC73BE27680D6900C1A072 /* CellComponents.swift */ = {isa = PBXFileReference; lastKnownFileType = sourcecode.swift; path = CellComponents.swift; sourceTree = "<group>"; };
		C1DC73C0276810B700C1A072 /* MainView.swift */ = {isa = PBXFileReference; lastKnownFileType = sourcecode.swift; path = MainView.swift; sourceTree = "<group>"; };
		C1DC73C6276828AD00C1A072 /* RegistrationComponents.swift */ = {isa = PBXFileReference; lastKnownFileType = sourcecode.swift; path = RegistrationComponents.swift; sourceTree = "<group>"; };
		C1DE8CC026C4093C004E7754 /* meuMedicamento.xcdatamodel */ = {isa = PBXFileReference; lastKnownFileType = wrapper.xcdatamodel; path = meuMedicamento.xcdatamodel; sourceTree = "<group>"; };
		C1DE8CD426C40E7F004E7754 /* MedicationModels.swift */ = {isa = PBXFileReference; fileEncoding = 4; lastKnownFileType = sourcecode.swift; path = MedicationModels.swift; sourceTree = "<group>"; };
		C1DE8CD526C40E7F004E7754 /* PlaceListViewModel.swift */ = {isa = PBXFileReference; fileEncoding = 4; lastKnownFileType = sourcecode.swift; path = PlaceListViewModel.swift; sourceTree = "<group>"; };
		C1DE8CD626C40E7F004E7754 /* Landmark.swift */ = {isa = PBXFileReference; fileEncoding = 4; lastKnownFileType = sourcecode.swift; path = Landmark.swift; sourceTree = "<group>"; };
		C1DE8CD926C40E7F004E7754 /* UserSettings.swift */ = {isa = PBXFileReference; fileEncoding = 4; lastKnownFileType = sourcecode.swift; path = UserSettings.swift; sourceTree = "<group>"; };
		C1DE8CE126C40ECA004E7754 /* LocationManager.swift */ = {isa = PBXFileReference; fileEncoding = 4; lastKnownFileType = sourcecode.swift; path = LocationManager.swift; sourceTree = "<group>"; };
		C1DE8CE226C40ECA004E7754 /* NotificationManager.swift */ = {isa = PBXFileReference; fileEncoding = 4; lastKnownFileType = sourcecode.swift; path = NotificationManager.swift; sourceTree = "<group>"; };
		C1DE8CE326C40ECA004E7754 /* MedicationManager.swift */ = {isa = PBXFileReference; fileEncoding = 4; lastKnownFileType = sourcecode.swift; path = MedicationManager.swift; sourceTree = "<group>"; };
		C1DE8CE826C40F06004E7754 /* MKCoordinateRegion+Extensions.swift */ = {isa = PBXFileReference; fileEncoding = 4; lastKnownFileType = sourcecode.swift; path = "MKCoordinateRegion+Extensions.swift"; sourceTree = "<group>"; };
		C1DE8CEA26C40F4B004E7754 /* AddMedicationView.swift */ = {isa = PBXFileReference; fileEncoding = 4; lastKnownFileType = sourcecode.swift; path = AddMedicationView.swift; sourceTree = "<group>"; };
		C1DE8CEB26C40F4B004E7754 /* MapView.swift */ = {isa = PBXFileReference; fileEncoding = 4; lastKnownFileType = sourcecode.swift; path = MapView.swift; sourceTree = "<group>"; };
		C1DE8CEC26C40F4B004E7754 /* EditMedicationView.swift */ = {isa = PBXFileReference; fileEncoding = 4; lastKnownFileType = sourcecode.swift; path = EditMedicationView.swift; sourceTree = "<group>"; };
		C1DE8CED26C40F4B004E7754 /* SettingsView.swift */ = {isa = PBXFileReference; fileEncoding = 4; lastKnownFileType = sourcecode.swift; path = SettingsView.swift; sourceTree = "<group>"; };
		C1DE8CEE26C40F4B004E7754 /* MedicationDetailView.swift */ = {isa = PBXFileReference; fileEncoding = 4; lastKnownFileType = sourcecode.swift; path = MedicationDetailView.swift; sourceTree = "<group>"; };
		C1DE8CF526C40F53004E7754 /* RecenterButton.swift */ = {isa = PBXFileReference; fileEncoding = 4; lastKnownFileType = sourcecode.swift; path = RecenterButton.swift; sourceTree = "<group>"; };
		C1DE8CF626C40F53004E7754 /* LandmarkListView.swift */ = {isa = PBXFileReference; fileEncoding = 4; lastKnownFileType = sourcecode.swift; path = LandmarkListView.swift; sourceTree = "<group>"; };
		C1DE8CF726C40F53004E7754 /* LandmarkCategoryView.swift */ = {isa = PBXFileReference; fileEncoding = 4; lastKnownFileType = sourcecode.swift; path = LandmarkCategoryView.swift; sourceTree = "<group>"; };
		C1DEFDA32798B5A20015D6EA /* en */ = {isa = PBXFileReference; lastKnownFileType = text.plist.strings; name = en; path = en.lproj/Localizable.strings; sourceTree = "<group>"; };
		C1F6C0A02799D8810051812F /* pt */ = {isa = PBXFileReference; lastKnownFileType = text.plist.strings; name = pt; path = pt.lproj/InfoPlist.strings; sourceTree = "<group>"; };
		C1F6C0A22799D8820051812F /* en */ = {isa = PBXFileReference; lastKnownFileType = text.plist.strings; name = en; path = en.lproj/InfoPlist.strings; sourceTree = "<group>"; };
/* End PBXFileReference section */

/* Begin PBXFrameworksBuildPhase section */
		C1D9470E26C408A300A05884 /* Frameworks */ = {
			isa = PBXFrameworksBuildPhase;
			buildActionMask = 2147483647;
			files = (
				C1B6F4A727614B15001AA883 /* CloudKit.framework in Frameworks */,
				C118F5CF27E8CCB5009BCAEA /* EmailComposer in Frameworks */,
			);
			runOnlyForDeploymentPostprocessing = 0;
		};
/* End PBXFrameworksBuildPhase section */

/* Begin PBXGroup section */
		C1D48ECA270F7C030054699F /* Frameworks */ = {
			isa = PBXGroup;
			children = (
				C1B6F4A627614B15001AA883 /* CloudKit.framework */,
				C1D48ECD270F7C030054699F /* SwiftUI.framework */,
			);
			name = Frameworks;
			sourceTree = "<group>";
		};
		C1D9470826C408A300A05884 = {
			isa = PBXGroup;
			children = (
				C1D9471326C408A300A05884 /* meuMedicamento */,
				C1D48ECA270F7C030054699F /* Frameworks */,
				C1D9471226C408A300A05884 /* Products */,
			);
			sourceTree = "<group>";
		};
		C1D9471226C408A300A05884 /* Products */ = {
			isa = PBXGroup;
			children = (
				C1D9471126C408A300A05884 /* meuMedicamento.app */,
			);
			name = Products;
			sourceTree = "<group>";
		};
		C1D9471326C408A300A05884 /* meuMedicamento */ = {
			isa = PBXGroup;
			children = (
				C1815D9E26FA11ED00904906 /* meuMedicamento.entitlements */,
				C1D9471426C408A300A05884 /* meuMedicamentoApp.swift */,
				C1DE8CC426C40AB7004E7754 /* Views */,
				C1DE8CC526C40ABE004E7754 /* Managers */,
				C1DE8CC626C40AD9004E7754 /* Models */,
				C1DE8CE726C40EF8004E7754 /* Extensions */,
				C1F6C0A12799D8810051812F /* InfoPlist.strings */,
				C1B58AA327979CC00036F9CF /* Localizable.strings */,
				C1D9471826C408A500A05884 /* Assets.xcassets */,
				C1D9471D26C408A500A05884 /* Info.plist */,
				C1DE8CBF26C4093C004E7754 /* meuMedicamento.xcdatamodeld */,
				C1D9471A26C408A500A05884 /* Preview Content */,
			);
			path = meuMedicamento;
			sourceTree = "<group>";
		};
		C1D9471A26C408A500A05884 /* Preview Content */ = {
			isa = PBXGroup;
			children = (
				C1D9471B26C408A500A05884 /* Preview Assets.xcassets */,
			);
			path = "Preview Content";
			sourceTree = "<group>";
		};
		C1DC73B9276809C300C1A072 /* ListView */ = {
			isa = PBXGroup;
			children = (
				C1D9471626C408A300A05884 /* ListView.swift */,
				C1DC73BC27680A4400C1A072 /* CellView.swift */,
				C1DC73BE27680D6900C1A072 /* CellComponents.swift */,
			);
			path = ListView;
			sourceTree = "<group>";
		};
		C1DC73C2276819C500C1A072 /* HistoricView */ = {
			isa = PBXGroup;
			children = (
				C12F9CD92761900200B75831 /* HistoricView.swift */,
				C167A82B2762836A0033B87F /* MedicationHistoricView.swift */,
				C11F99382768D519002B177C /* HistoricComponents.swift */,
			);
			path = HistoricView;
			sourceTree = "<group>";
		};
		C1DC73C32768223E00C1A072 /* RegistrationView */ = {
			isa = PBXGroup;
			children = (
				C1DE8CEA26C40F4B004E7754 /* AddMedicationView.swift */,
				C1DE8CEC26C40F4B004E7754 /* EditMedicationView.swift */,
				C1DC73C6276828AD00C1A072 /* RegistrationComponents.swift */,
			);
			path = RegistrationView;
			sourceTree = "<group>";
		};
		C1DE8CC426C40AB7004E7754 /* Views */ = {
			isa = PBXGroup;
			children = (
				C1DC73C0276810B700C1A072 /* MainView.swift */,
				C1DC73B9276809C300C1A072 /* ListView */,
				C1DC73C2276819C500C1A072 /* HistoricView */,
				C1DE8CF426C40F53004E7754 /* MapView */,
				C1DC73C32768223E00C1A072 /* RegistrationView */,
				C1DE8CEE26C40F4B004E7754 /* MedicationDetailView.swift */,
				C1DE8CED26C40F4B004E7754 /* SettingsView.swift */,
				C1B6F4A427613810001AA883 /* OnboardingView.swift */,
				C143FD5426C473A20041BCED /* Launch Screen.storyboard */,
			);
			path = Views;
			sourceTree = "<group>";
		};
		C1DE8CC526C40ABE004E7754 /* Managers */ = {
			isa = PBXGroup;
			children = (
				C1DE8CE126C40ECA004E7754 /* LocationManager.swift */,
				C1DE8CE326C40ECA004E7754 /* MedicationManager.swift */,
				C1DE8CE226C40ECA004E7754 /* NotificationManager.swift */,
			);
			path = Managers;
			sourceTree = "<group>";
		};
		C1DE8CC626C40AD9004E7754 /* Models */ = {
			isa = PBXGroup;
			children = (
				C1DE8CD626C40E7F004E7754 /* Landmark.swift */,
				C1DE8CD426C40E7F004E7754 /* MedicationModels.swift */,
				C1DE8CD526C40E7F004E7754 /* PlaceListViewModel.swift */,
				C1DE8CD926C40E7F004E7754 /* UserSettings.swift */,
			);
			path = Models;
			sourceTree = "<group>";
		};
		C1DE8CE726C40EF8004E7754 /* Extensions */ = {
			isa = PBXGroup;
			children = (
				C1DE8CE826C40F06004E7754 /* MKCoordinateRegion+Extensions.swift */,
				C167A82927627FCF0033B87F /* GroupBoxExtension.swift */,
			);
			path = Extensions;
			sourceTree = "<group>";
		};
		C1DE8CF426C40F53004E7754 /* MapView */ = {
			isa = PBXGroup;
			children = (
				C1DE8CEB26C40F4B004E7754 /* MapView.swift */,
				C1DE8CF526C40F53004E7754 /* RecenterButton.swift */,
				C1DE8CF626C40F53004E7754 /* LandmarkListView.swift */,
				C1DE8CF726C40F53004E7754 /* LandmarkCategoryView.swift */,
			);
			path = MapView;
			sourceTree = "<group>";
		};
/* End PBXGroup section */

/* Begin PBXNativeTarget section */
		C1D9471026C408A300A05884 /* meuMedicamento */ = {
			isa = PBXNativeTarget;
			buildConfigurationList = C1D9472026C408A500A05884 /* Build configuration list for PBXNativeTarget "meuMedicamento" */;
			buildPhases = (
				C1D9470D26C408A300A05884 /* Sources */,
				C1D9470E26C408A300A05884 /* Frameworks */,
				C1D9470F26C408A300A05884 /* Resources */,
				C1D48EDB270F7C050054699F /* Embed App Extensions */,
			);
			buildRules = (
			);
			dependencies = (
			);
			name = meuMedicamento;
			packageProductDependencies = (
				C118F5CE27E8CCB5009BCAEA /* EmailComposer */,
			);
			productName = meuMedicamento;
			productReference = C1D9471126C408A300A05884 /* meuMedicamento.app */;
			productType = "com.apple.product-type.application";
		};
/* End PBXNativeTarget section */

/* Begin PBXProject section */
		C1D9470926C408A300A05884 /* Project object */ = {
			isa = PBXProject;
			attributes = {
				LastSwiftUpdateCheck = 1300;
				LastUpgradeCheck = 1320;
				TargetAttributes = {
					C1D9471026C408A300A05884 = {
						CreatedOnToolsVersion = 12.5.1;
					};
				};
			};
			buildConfigurationList = C1D9470C26C408A300A05884 /* Build configuration list for PBXProject "meuMedicamento" */;
			compatibilityVersion = "Xcode 9.3";
			developmentRegion = pt;
			hasScannedForEncodings = 0;
			knownRegions = (
				pt,
				Base,
				en,
				"en-GB",
				fr,
				"fr-CA",
				"en-AU",
				"pt-PT",
				es,
				"es-419",
			);
			mainGroup = C1D9470826C408A300A05884;
			packageReferences = (
				C118F5CD27E8CCB5009BCAEA /* XCRemoteSwiftPackageReference "EmailComposer" */,
			);
			productRefGroup = C1D9471226C408A300A05884 /* Products */;
			projectDirPath = "";
			projectRoot = "";
			targets = (
				C1D9471026C408A300A05884 /* meuMedicamento */,
			);
		};
/* End PBXProject section */

/* Begin PBXResourcesBuildPhase section */
		C1D9470F26C408A300A05884 /* Resources */ = {
			isa = PBXResourcesBuildPhase;
			buildActionMask = 2147483647;
			files = (
				C143FD5526C473A20041BCED /* Launch Screen.storyboard in Resources */,
				C1B58AA127979CC00036F9CF /* Localizable.strings in Resources */,
				C1D9471C26C408A500A05884 /* Preview Assets.xcassets in Resources */,
				C1D9471926C408A500A05884 /* Assets.xcassets in Resources */,
				C1F6C09F2799D8810051812F /* InfoPlist.strings in Resources */,
			);
			runOnlyForDeploymentPostprocessing = 0;
		};
/* End PBXResourcesBuildPhase section */

/* Begin PBXSourcesBuildPhase section */
		C1D9470D26C408A300A05884 /* Sources */ = {
			isa = PBXSourcesBuildPhase;
			buildActionMask = 2147483647;
			files = (
				C1DE8CDD26C40E7F004E7754 /* Landmark.swift in Sources */,
				C12F9CDA2761900200B75831 /* HistoricView.swift in Sources */,
				C1DC73C1276810B700C1A072 /* MainView.swift in Sources */,
				C1DE8CEF26C40F4B004E7754 /* AddMedicationView.swift in Sources */,
				C1DE8CDB26C40E7F004E7754 /* MedicationModels.swift in Sources */,
				C1DC73BF27680D6900C1A072 /* CellComponents.swift in Sources */,
				C11F99392768D519002B177C /* HistoricComponents.swift in Sources */,
				C1DE8CF026C40F4B004E7754 /* MapView.swift in Sources */,
				C1D9471726C408A300A05884 /* ListView.swift in Sources */,
				C1DE8CE426C40ECA004E7754 /* LocationManager.swift in Sources */,
				C1DE8D0126C40F53004E7754 /* LandmarkCategoryView.swift in Sources */,
				C1DE8CE026C40E7F004E7754 /* UserSettings.swift in Sources */,
				C1DE8CF226C40F4B004E7754 /* SettingsView.swift in Sources */,
				C1DE8CF326C40F4B004E7754 /* MedicationDetailView.swift in Sources */,
				C167A82C2762836A0033B87F /* MedicationHistoricView.swift in Sources */,
				C1B6F4A527613810001AA883 /* OnboardingView.swift in Sources */,
				C1DE8CE526C40ECA004E7754 /* NotificationManager.swift in Sources */,
				C1DE8CE926C40F06004E7754 /* MKCoordinateRegion+Extensions.swift in Sources */,
				C1DE8CDC26C40E7F004E7754 /* PlaceListViewModel.swift in Sources */,
				C167A82A27627FCF0033B87F /* GroupBoxExtension.swift in Sources */,
				C1DE8CFF26C40F53004E7754 /* RecenterButton.swift in Sources */,
				C1DE8CE626C40ECA004E7754 /* MedicationManager.swift in Sources */,
				C1DE8CC126C4093C004E7754 /* meuMedicamento.xcdatamodeld in Sources */,
				C1DC73BD27680A4400C1A072 /* CellView.swift in Sources */,
				C1DC73C7276828AD00C1A072 /* RegistrationComponents.swift in Sources */,
				C1D9471526C408A300A05884 /* meuMedicamentoApp.swift in Sources */,
				C1DE8D0026C40F53004E7754 /* LandmarkListView.swift in Sources */,
				C1DE8CF126C40F4B004E7754 /* EditMedicationView.swift in Sources */,
			);
			runOnlyForDeploymentPostprocessing = 0;
		};
/* End PBXSourcesBuildPhase section */

/* Begin PBXVariantGroup section */
		C1B58AA327979CC00036F9CF /* Localizable.strings */ = {
			isa = PBXVariantGroup;
			children = (
				C1B58AA227979CC00036F9CF /* pt */,
				C1DEFDA32798B5A20015D6EA /* en */,
				C12D08B7279AF0DA00D0E3EB /* en-GB */,
				C12D08B9279AF0E700D0E3EB /* fr */,
				C12D08BB279AF0ED00D0E3EB /* fr-CA */,
				C12D08BD279AF0F700D0E3EB /* en-AU */,
				C12D08BF279AF10300D0E3EB /* pt-PT */,
				C12D08C1279AF10A00D0E3EB /* es */,
				C12D08C3279AF11100D0E3EB /* es-419 */,
			);
			name = Localizable.strings;
			sourceTree = "<group>";
		};
		C1F6C0A12799D8810051812F /* InfoPlist.strings */ = {
			isa = PBXVariantGroup;
			children = (
				C1F6C0A02799D8810051812F /* pt */,
				C1F6C0A22799D8820051812F /* en */,
				C12D08B6279AF0DA00D0E3EB /* en-GB */,
				C12D08B8279AF0E700D0E3EB /* fr */,
				C12D08BA279AF0ED00D0E3EB /* fr-CA */,
				C12D08BC279AF0F700D0E3EB /* en-AU */,
				C12D08BE279AF10300D0E3EB /* pt-PT */,
				C12D08C0279AF10A00D0E3EB /* es */,
				C12D08C2279AF11100D0E3EB /* es-419 */,
			);
			name = InfoPlist.strings;
			sourceTree = "<group>";
		};
/* End PBXVariantGroup section */

/* Begin XCBuildConfiguration section */
		C1D9471E26C408A500A05884 /* Debug */ = {
			isa = XCBuildConfiguration;
			buildSettings = {
				ALWAYS_SEARCH_USER_PATHS = NO;
				CLANG_ANALYZER_LOCALIZABILITY_NONLOCALIZED = YES;
				CLANG_ANALYZER_NONNULL = YES;
				CLANG_ANALYZER_NUMBER_OBJECT_CONVERSION = YES_AGGRESSIVE;
				CLANG_CXX_LANGUAGE_STANDARD = "gnu++14";
				CLANG_CXX_LIBRARY = "libc++";
				CLANG_ENABLE_MODULES = YES;
				CLANG_ENABLE_OBJC_ARC = YES;
				CLANG_ENABLE_OBJC_WEAK = YES;
				CLANG_WARN_BLOCK_CAPTURE_AUTORELEASING = YES;
				CLANG_WARN_BOOL_CONVERSION = YES;
				CLANG_WARN_COMMA = YES;
				CLANG_WARN_CONSTANT_CONVERSION = YES;
				CLANG_WARN_DEPRECATED_OBJC_IMPLEMENTATIONS = YES;
				CLANG_WARN_DIRECT_OBJC_ISA_USAGE = YES_ERROR;
				CLANG_WARN_DOCUMENTATION_COMMENTS = YES;
				CLANG_WARN_EMPTY_BODY = YES;
				CLANG_WARN_ENUM_CONVERSION = YES;
				CLANG_WARN_INFINITE_RECURSION = YES;
				CLANG_WARN_INT_CONVERSION = YES;
				CLANG_WARN_NON_LITERAL_NULL_CONVERSION = YES;
				CLANG_WARN_OBJC_IMPLICIT_RETAIN_SELF = YES;
				CLANG_WARN_OBJC_LITERAL_CONVERSION = YES;
				CLANG_WARN_OBJC_ROOT_CLASS = YES_ERROR;
				CLANG_WARN_QUOTED_INCLUDE_IN_FRAMEWORK_HEADER = YES;
				CLANG_WARN_RANGE_LOOP_ANALYSIS = YES;
				CLANG_WARN_STRICT_PROTOTYPES = YES;
				CLANG_WARN_SUSPICIOUS_MOVE = YES;
				CLANG_WARN_UNGUARDED_AVAILABILITY = YES_AGGRESSIVE;
				CLANG_WARN_UNREACHABLE_CODE = YES;
				CLANG_WARN__DUPLICATE_METHOD_MATCH = YES;
				COPY_PHASE_STRIP = NO;
				DEBUG_INFORMATION_FORMAT = dwarf;
				ENABLE_STRICT_OBJC_MSGSEND = YES;
				ENABLE_TESTABILITY = YES;
				GCC_C_LANGUAGE_STANDARD = gnu11;
				GCC_DYNAMIC_NO_PIC = NO;
				GCC_NO_COMMON_BLOCKS = YES;
				GCC_OPTIMIZATION_LEVEL = 0;
				GCC_PREPROCESSOR_DEFINITIONS = (
					"DEBUG=1",
					"$(inherited)",
				);
				GCC_WARN_64_TO_32_BIT_CONVERSION = YES;
				GCC_WARN_ABOUT_RETURN_TYPE = YES_ERROR;
				GCC_WARN_UNDECLARED_SELECTOR = YES;
				GCC_WARN_UNINITIALIZED_AUTOS = YES_AGGRESSIVE;
				GCC_WARN_UNUSED_FUNCTION = YES;
				GCC_WARN_UNUSED_VARIABLE = YES;
				IPHONEOS_DEPLOYMENT_TARGET = 15.0;
				MTL_ENABLE_DEBUG_INFO = INCLUDE_SOURCE;
				MTL_FAST_MATH = YES;
				ONLY_ACTIVE_ARCH = YES;
				SDKROOT = iphoneos;
				SWIFT_ACTIVE_COMPILATION_CONDITIONS = DEBUG;
				SWIFT_OPTIMIZATION_LEVEL = "-Onone";
			};
			name = Debug;
		};
		C1D9471F26C408A500A05884 /* Release */ = {
			isa = XCBuildConfiguration;
			buildSettings = {
				ALWAYS_SEARCH_USER_PATHS = NO;
				CLANG_ANALYZER_LOCALIZABILITY_NONLOCALIZED = YES;
				CLANG_ANALYZER_NONNULL = YES;
				CLANG_ANALYZER_NUMBER_OBJECT_CONVERSION = YES_AGGRESSIVE;
				CLANG_CXX_LANGUAGE_STANDARD = "gnu++14";
				CLANG_CXX_LIBRARY = "libc++";
				CLANG_ENABLE_MODULES = YES;
				CLANG_ENABLE_OBJC_ARC = YES;
				CLANG_ENABLE_OBJC_WEAK = YES;
				CLANG_WARN_BLOCK_CAPTURE_AUTORELEASING = YES;
				CLANG_WARN_BOOL_CONVERSION = YES;
				CLANG_WARN_COMMA = YES;
				CLANG_WARN_CONSTANT_CONVERSION = YES;
				CLANG_WARN_DEPRECATED_OBJC_IMPLEMENTATIONS = YES;
				CLANG_WARN_DIRECT_OBJC_ISA_USAGE = YES_ERROR;
				CLANG_WARN_DOCUMENTATION_COMMENTS = YES;
				CLANG_WARN_EMPTY_BODY = YES;
				CLANG_WARN_ENUM_CONVERSION = YES;
				CLANG_WARN_INFINITE_RECURSION = YES;
				CLANG_WARN_INT_CONVERSION = YES;
				CLANG_WARN_NON_LITERAL_NULL_CONVERSION = YES;
				CLANG_WARN_OBJC_IMPLICIT_RETAIN_SELF = YES;
				CLANG_WARN_OBJC_LITERAL_CONVERSION = YES;
				CLANG_WARN_OBJC_ROOT_CLASS = YES_ERROR;
				CLANG_WARN_QUOTED_INCLUDE_IN_FRAMEWORK_HEADER = YES;
				CLANG_WARN_RANGE_LOOP_ANALYSIS = YES;
				CLANG_WARN_STRICT_PROTOTYPES = YES;
				CLANG_WARN_SUSPICIOUS_MOVE = YES;
				CLANG_WARN_UNGUARDED_AVAILABILITY = YES_AGGRESSIVE;
				CLANG_WARN_UNREACHABLE_CODE = YES;
				CLANG_WARN__DUPLICATE_METHOD_MATCH = YES;
				COPY_PHASE_STRIP = NO;
				DEBUG_INFORMATION_FORMAT = "dwarf-with-dsym";
				ENABLE_NS_ASSERTIONS = NO;
				ENABLE_STRICT_OBJC_MSGSEND = YES;
				GCC_C_LANGUAGE_STANDARD = gnu11;
				GCC_NO_COMMON_BLOCKS = YES;
				GCC_WARN_64_TO_32_BIT_CONVERSION = YES;
				GCC_WARN_ABOUT_RETURN_TYPE = YES_ERROR;
				GCC_WARN_UNDECLARED_SELECTOR = YES;
				GCC_WARN_UNINITIALIZED_AUTOS = YES_AGGRESSIVE;
				GCC_WARN_UNUSED_FUNCTION = YES;
				GCC_WARN_UNUSED_VARIABLE = YES;
				IPHONEOS_DEPLOYMENT_TARGET = 15.0;
				MTL_ENABLE_DEBUG_INFO = NO;
				MTL_FAST_MATH = YES;
				SDKROOT = iphoneos;
				SWIFT_COMPILATION_MODE = wholemodule;
				SWIFT_OPTIMIZATION_LEVEL = "-O";
				VALIDATE_PRODUCT = YES;
			};
			name = Release;
		};
		C1D9472126C408A500A05884 /* Debug */ = {
			isa = XCBuildConfiguration;
			buildSettings = {
				ALWAYS_EMBED_SWIFT_STANDARD_LIBRARIES = YES;
				ASSETCATALOG_COMPILER_APPICON_NAME = AppIcon;
				ASSETCATALOG_COMPILER_GLOBAL_ACCENT_COLOR_NAME = AccentColor;
				CODE_SIGN_ENTITLEMENTS = meuMedicamento/meuMedicamento.entitlements;
				CODE_SIGN_STYLE = Automatic;
				CURRENT_PROJECT_VERSION = 29;
				DEVELOPMENT_ASSET_PATHS = "\"meuMedicamento/Preview Content\"";
				DEVELOPMENT_TEAM = 9QH8M89WF9;
				ENABLE_PREVIEWS = YES;
				INFOPLIST_FILE = meuMedicamento/Info.plist;
				IPHONEOS_DEPLOYMENT_TARGET = 15.0;
				LD_RUNPATH_SEARCH_PATHS = (
					"$(inherited)",
					"@executable_path/Frameworks",
				);
				MARKETING_VERSION = 2.1.0;
				PRODUCT_BUNDLE_IDENTIFIER = com.fabiofiorita.meuMedicamento;
				PRODUCT_NAME = "$(TARGET_NAME)";
				SUPPORTS_MACCATALYST = NO;
				SWIFT_VERSION = 5.0;
				TARGETED_DEVICE_FAMILY = "1,2";
			};
			name = Debug;
		};
		C1D9472226C408A500A05884 /* Release */ = {
			isa = XCBuildConfiguration;
			buildSettings = {
				ALWAYS_EMBED_SWIFT_STANDARD_LIBRARIES = YES;
				ASSETCATALOG_COMPILER_APPICON_NAME = AppIcon;
				ASSETCATALOG_COMPILER_GLOBAL_ACCENT_COLOR_NAME = AccentColor;
				CODE_SIGN_ENTITLEMENTS = meuMedicamento/meuMedicamento.entitlements;
				CODE_SIGN_STYLE = Automatic;
				CURRENT_PROJECT_VERSION = 29;
				DEVELOPMENT_ASSET_PATHS = "\"meuMedicamento/Preview Content\"";
				DEVELOPMENT_TEAM = 9QH8M89WF9;
				ENABLE_PREVIEWS = YES;
				INFOPLIST_FILE = meuMedicamento/Info.plist;
				IPHONEOS_DEPLOYMENT_TARGET = 15.0;
				LD_RUNPATH_SEARCH_PATHS = (
					"$(inherited)",
					"@executable_path/Frameworks",
				);
				MARKETING_VERSION = 2.1.0;
				PRODUCT_BUNDLE_IDENTIFIER = com.fabiofiorita.meuMedicamento;
				PRODUCT_NAME = "$(TARGET_NAME)";
				SUPPORTS_MACCATALYST = NO;
				SWIFT_VERSION = 5.0;
				TARGETED_DEVICE_FAMILY = "1,2";
			};
			name = Release;
		};
/* End XCBuildConfiguration section */

/* Begin XCConfigurationList section */
		C1D9470C26C408A300A05884 /* Build configuration list for PBXProject "meuMedicamento" */ = {
			isa = XCConfigurationList;
			buildConfigurations = (
				C1D9471E26C408A500A05884 /* Debug */,
				C1D9471F26C408A500A05884 /* Release */,
			);
			defaultConfigurationIsVisible = 0;
			defaultConfigurationName = Release;
		};
		C1D9472026C408A500A05884 /* Build configuration list for PBXNativeTarget "meuMedicamento" */ = {
			isa = XCConfigurationList;
			buildConfigurations = (
				C1D9472126C408A500A05884 /* Debug */,
				C1D9472226C408A500A05884 /* Release */,
			);
			defaultConfigurationIsVisible = 0;
			defaultConfigurationName = Release;
		};
/* End XCConfigurationList section */

/* Begin XCRemoteSwiftPackageReference section */
		C118F5CD27E8CCB5009BCAEA /* XCRemoteSwiftPackageReference "EmailComposer" */ = {
			isa = XCRemoteSwiftPackageReference;
			repositoryURL = "https://github.com/gabrieltheodoropoulos/EmailComposer";
			requirement = {
				kind = upToNextMajorVersion;
				minimumVersion = 1.0.0;
			};
		};
/* End XCRemoteSwiftPackageReference section */

/* Begin XCSwiftPackageProductDependency section */
		C118F5CE27E8CCB5009BCAEA /* EmailComposer */ = {
			isa = XCSwiftPackageProductDependency;
			package = C118F5CD27E8CCB5009BCAEA /* XCRemoteSwiftPackageReference "EmailComposer" */;
			productName = EmailComposer;
		};
/* End XCSwiftPackageProductDependency section */

/* Begin XCVersionGroup section */
		C1DE8CBF26C4093C004E7754 /* meuMedicamento.xcdatamodeld */ = {
			isa = XCVersionGroup;
			children = (
				C1DE8CC026C4093C004E7754 /* meuMedicamento.xcdatamodel */,
			);
			currentVersion = C1DE8CC026C4093C004E7754 /* meuMedicamento.xcdatamodel */;
			path = meuMedicamento.xcdatamodeld;
			sourceTree = "<group>";
			versionGroupType = wrapper.xcdatamodel;
		};
/* End XCVersionGroup section */
	};
	rootObject = C1D9470926C408A300A05884 /* Project object */;
}
